
Microsoft Visual Studio Solution File, Format Version 12.00
# Visual Studio Version 16
VisualStudioVersion = 16.0.32106.194
MinimumVisualStudioVersion = 10.0.40219.1
Project("{FAE04EC0-301F-11D3-BF4B-00C04F79EFBC}") = "Story", "Story.csproj", "{147BA82B-B4BC-48A2-89EF-1F7EA592976B}"
EndProject
Global
	GlobalSection(SolutionConfigurationPlatforms) = preSolution
		Debug|Any CPU = Debug|Any CPU
		Release|Any CPU = Release|Any CPU
	EndGlobalSection
	GlobalSection(ProjectConfigurationPlatforms) = postSolution
		{147BA82B-B4BC-48A2-89EF-1F7EA592976B}.Debug|Any CPU.ActiveCfg = Debug|Any CPU
		{147BA82B-B4BC-48A2-89EF-1F7EA592976B}.Debug|Any CPU.Build.0 = Debug|Any CPU
		{147BA82B-B4BC-48A2-89EF-1F7EA592976B}.Release|Any CPU.ActiveCfg = Release|Any CPU
		{147BA82B-B4BC-48A2-89EF-1F7EA592976B}.Release|Any CPU.Build.0 = Release|Any CPU
	EndGlobalSection
	GlobalSection(SolutionProperties) = preSolution
		HideSolutionNode = FALSE
	EndGlobalSection
	GlobalSection(ExtensibilityGlobals) = postSolution
		SolutionGuid = {F49299BC-B389-408F-969C-5BC8E6FF2BAD}
	EndGlobalSection
EndGlobal
